
Microsoft Visual Studio Solution File, Format Version 12.00
# Visual Studio Version 17
VisualStudioVersion = 17.5.33627.172
MinimumVisualStudioVersion = 10.0.40219.1
Project("{FAE04EC0-301F-11D3-BF4B-00C04F79EFBC}") = "WebApplication1", "WebApplication1\WebApplication1.csproj", "{0C819677-A9FE-475B-89C5-028F5F872383}"
EndProject
Global
	GlobalSection(SolutionConfigurationPlatforms) = preSolution
		Debug|Any CPU = Debug|Any CPU
		Release|Any CPU = Release|Any CPU
	EndGlobalSection
	GlobalSection(ProjectConfigurationPlatforms) = postSolution
		{0C819677-A9FE-475B-89C5-028F5F872383}.Debug|Any CPU.ActiveCfg = Debug|Any CPU
		{0C819677-A9FE-475B-89C5-028F5F872383}.Debug|Any CPU.Build.0 = Debug|Any CPU
		{0C819677-A9FE-475B-89C5-028F5F872383}.Release|Any CPU.ActiveCfg = Release|Any CPU
		{0C819677-A9FE-475B-89C5-028F5F872383}.Release|Any CPU.Build.0 = Release|Any CPU
	EndGlobalSection
	GlobalSection(SolutionProperties) = preSolution
		HideSolutionNode = FALSE
	EndGlobalSection
	GlobalSection(ExtensibilityGlobals) = postSolution
		SolutionGuid = {A446EA2D-A667-49B3-B845-8B9351D05BED}
	EndGlobalSection
EndGlobal
